
Microsoft Visual Studio Solution File, Format Version 12.00
# Visual Studio Version 17
VisualStudioVersion = 17.4.33213.308
MinimumVisualStudioVersion = 10.0.40219.1
Project("{FAE04EC0-301F-11D3-BF4B-00C04F79EFBC}") = "Calculadora.Android", "Calculadora.Android\Calculadora.Android.csproj", "{7C3D7A4A-DD16-4F5A-967A-4966DDB5FF48}"
EndProject
Project("{FAE04EC0-301F-11D3-BF4B-00C04F79EFBC}") = "Calculadora.iOS", "Calculadora.iOS\Calculadora.iOS.csproj", "{40CAA6D4-67DF-4EFC-A934-9CE842AC90A7}"
EndProject
Project("{FAE04EC0-301F-11D3-BF4B-00C04F79EFBC}") = "Calculadora", "Calculadora\Calculadora.csproj", "{8D8B67AF-2A58-4764-A82A-58C3D7999480}"
EndProject
Global
	GlobalSection(SolutionConfigurationPlatforms) = preSolution
		Debug|Any CPU = Debug|Any CPU
		Debug|iPhone = Debug|iPhone
		Debug|iPhoneSimulator = Debug|iPhoneSimulator
		Release|Any CPU = Release|Any CPU
		Release|iPhone = Release|iPhone
		Release|iPhoneSimulator = Release|iPhoneSimulator
	EndGlobalSection
	GlobalSection(ProjectConfigurationPlatforms) = postSolution
		{7C3D7A4A-DD16-4F5A-967A-4966DDB5FF48}.Debug|Any CPU.ActiveCfg = Debug|Any CPU
		{7C3D7A4A-DD16-4F5A-967A-4966DDB5FF48}.Debug|Any CPU.Build.0 = Debug|Any CPU
		{7C3D7A4A-DD16-4F5A-967A-4966DDB5FF48}.Debug|Any CPU.Deploy.0 = Debug|Any CPU
		{7C3D7A4A-DD16-4F5A-967A-4966DDB5FF48}.Debug|iPhone.ActiveCfg = Debug|Any CPU
		{7C3D7A4A-DD16-4F5A-967A-4966DDB5FF48}.Debug|iPhone.Build.0 = Debug|Any CPU
		{7C3D7A4A-DD16-4F5A-967A-4966DDB5FF48}.Debug|iPhone.Deploy.0 = Debug|Any CPU
		{7C3D7A4A-DD16-4F5A-967A-4966DDB5FF48}.Debug|iPhoneSimulator.ActiveCfg = Debug|Any CPU
		{7C3D7A4A-DD16-4F5A-967A-4966DDB5FF48}.Debug|iPhoneSimulator.Build.0 = Debug|Any CPU
		{7C3D7A4A-DD16-4F5A-967A-4966DDB5FF48}.Debug|iPhoneSimulator.Deploy.0 = Debug|Any CPU
		{7C3D7A4A-DD16-4F5A-967A-4966DDB5FF48}.Release|Any CPU.ActiveCfg = Release|Any CPU
		{7C3D7A4A-DD16-4F5A-967A-4966DDB5FF48}.Release|Any CPU.Build.0 = Release|Any CPU
		{7C3D7A4A-DD16-4F5A-967A-4966DDB5FF48}.Release|Any CPU.Deploy.0 = Release|Any CPU
		{7C3D7A4A-DD16-4F5A-967A-4966DDB5FF48}.Release|iPhone.ActiveCfg = Release|Any CPU
		{7C3D7A4A-DD16-4F5A-967A-4966DDB5FF48}.Release|iPhone.Build.0 = Release|Any CPU
		{7C3D7A4A-DD16-4F5A-967A-4966DDB5FF48}.Release|iPhone.Deploy.0 = Release|Any CPU
		{7C3D7A4A-DD16-4F5A-967A-4966DDB5FF48}.Release|iPhoneSimulator.ActiveCfg = Release|Any CPU
		{7C3D7A4A-DD16-4F5A-967A-4966DDB5FF48}.Release|iPhoneSimulator.Build.0 = Release|Any CPU
		{7C3D7A4A-DD16-4F5A-967A-4966DDB5FF48}.Release|iPhoneSimulator.Deploy.0 = Release|Any CPU
		{40CAA6D4-67DF-4EFC-A934-9CE842AC90A7}.Debug|Any CPU.ActiveCfg = Debug|iPhone
		{40CAA6D4-67DF-4EFC-A934-9CE842AC90A7}.Debug|Any CPU.Build.0 = Debug|iPhone
		{40CAA6D4-67DF-4EFC-A934-9CE842AC90A7}.Debug|Any CPU.Deploy.0 = Debug|iPhone
		{40CAA6D4-67DF-4EFC-A934-9CE842AC90A7}.Debug|iPhone.ActiveCfg = Debug|iPhone
		{40CAA6D4-67DF-4EFC-A934-9CE842AC90A7}.Debug|iPhone.Build.0 = Debug|iPhone
		{40CAA6D4-67DF-4EFC-A934-9CE842AC90A7}.Debug|iPhone.Deploy.0 = Debug|iPhone
		{40CAA6D4-67DF-4EFC-A934-9CE842AC90A7}.Debug|iPhoneSimulator.ActiveCfg = Debug|iPhoneSimulator
		{40CAA6D4-67DF-4EFC-A934-9CE842AC90A7}.Debug|iPhoneSimulator.Build.0 = Debug|iPhoneSimulator
		{40CAA6D4-67DF-4EFC-A934-9CE842AC90A7}.Debug|iPhoneSimulator.Deploy.0 = Debug|iPhoneSimulator
		{40CAA6D4-67DF-4EFC-A934-9CE842AC90A7}.Release|Any CPU.ActiveCfg = Release|iPhoneSimulator
		{40CAA6D4-67DF-4EFC-A934-9CE842AC90A7}.Release|Any CPU.Build.0 = Release|iPhoneSimulator
		{40CAA6D4-67DF-4EFC-A934-9CE842AC90A7}.Release|Any CPU.Deploy.0 = Release|iPhoneSimulator
		{40CAA6D4-67DF-4EFC-A934-9CE842AC90A7}.Release|iPhone.ActiveCfg = Release|iPhone
		{40CAA6D4-67DF-4EFC-A934-9CE842AC90A7}.Release|iPhone.Build.0 = Release|iPhone
		{40CAA6D4-67DF-4EFC-A934-9CE842AC90A7}.Release|iPhone.Deploy.0 = Release|iPhone
		{40CAA6D4-67DF-4EFC-A934-9CE842AC90A7}.Release|iPhoneSimulator.ActiveCfg = Release|iPhoneSimulator
		{40CAA6D4-67DF-4EFC-A934-9CE842AC90A7}.Release|iPhoneSimulator.Build.0 = Release|iPhoneSimulator
		{40CAA6D4-67DF-4EFC-A934-9CE842AC90A7}.Release|iPhoneSimulator.Deploy.0 = Release|iPhoneSimulator
		{8D8B67AF-2A58-4764-A82A-58C3D7999480}.Debug|Any CPU.ActiveCfg = Debug|Any CPU
		{8D8B67AF-2A58-4764-A82A-58C3D7999480}.Debug|Any CPU.Build.0 = Debug|Any CPU
		{8D8B67AF-2A58-4764-A82A-58C3D7999480}.Debug|Any CPU.Deploy.0 = Debug|Any CPU
		{8D8B67AF-2A58-4764-A82A-58C3D7999480}.Debug|iPhone.ActiveCfg = Debug|Any CPU
		{8D8B67AF-2A58-4764-A82A-58C3D7999480}.Debug|iPhone.Build.0 = Debug|Any CPU
		{8D8B67AF-2A58-4764-A82A-58C3D7999480}.Debug|iPhone.Deploy.0 = Debug|Any CPU
		{8D8B67AF-2A58-4764-A82A-58C3D7999480}.Debug|iPhoneSimulator.ActiveCfg = Debug|Any CPU
		{8D8B67AF-2A58-4764-A82A-58C3D7999480}.Debug|iPhoneSimulator.Build.0 = Debug|Any CPU
		{8D8B67AF-2A58-4764-A82A-58C3D7999480}.Debug|iPhoneSimulator.Deploy.0 = Debug|Any CPU
		{8D8B67AF-2A58-4764-A82A-58C3D7999480}.Release|Any CPU.ActiveCfg = Release|Any CPU
		{8D8B67AF-2A58-4764-A82A-58C3D7999480}.Release|Any CPU.Build.0 = Release|Any CPU
		{8D8B67AF-2A58-4764-A82A-58C3D7999480}.Release|Any CPU.Deploy.0 = Release|Any CPU
		{8D8B67AF-2A58-4764-A82A-58C3D7999480}.Release|iPhone.ActiveCfg = Release|Any CPU
		{8D8B67AF-2A58-4764-A82A-58C3D7999480}.Release|iPhone.Build.0 = Release|Any CPU
		{8D8B67AF-2A58-4764-A82A-58C3D7999480}.Release|iPhone.Deploy.0 = Release|Any CPU
		{8D8B67AF-2A58-4764-A82A-58C3D7999480}.Release|iPhoneSimulator.ActiveCfg = Release|Any CPU
		{8D8B67AF-2A58-4764-A82A-58C3D7999480}.Release|iPhoneSimulator.Build.0 = Release|Any CPU
		{8D8B67AF-2A58-4764-A82A-58C3D7999480}.Release|iPhoneSimulator.Deploy.0 = Release|Any CPU
	EndGlobalSection
	GlobalSection(SolutionProperties) = preSolution
		HideSolutionNode = FALSE
	EndGlobalSection
	GlobalSection(ExtensibilityGlobals) = postSolution
		SolutionGuid = {1847F3D7-4A1D-431E-8E00-59A02F7C84E7}
	EndGlobalSection
EndGlobal
